
Microsoft Visual Studio Solution File, Format Version 12.00
# Visual Studio 2015
Project("{FAE04EC0-301F-11D3-BF4B-00C04F79EFBC}") = "2d_Project_from_book", "2d_Project_from_book.csproj", "{713D1AD3-7320-DF05-BEB7-0BDE62F8DE0C}"
EndProject
Global
	GlobalSection(SolutionConfigurationPlatforms) = preSolution
		Debug|Any CPU = Debug|Any CPU
		Release|Any CPU = Release|Any CPU
	EndGlobalSection
	GlobalSection(ProjectConfigurationPlatforms) = postSolution
		{713D1AD3-7320-DF05-BEB7-0BDE62F8DE0C}.Debug|Any CPU.ActiveCfg = Debug|Any CPU
		{713D1AD3-7320-DF05-BEB7-0BDE62F8DE0C}.Debug|Any CPU.Build.0 = Debug|Any CPU
		{713D1AD3-7320-DF05-BEB7-0BDE62F8DE0C}.Release|Any CPU.ActiveCfg = Release|Any CPU
		{713D1AD3-7320-DF05-BEB7-0BDE62F8DE0C}.Release|Any CPU.Build.0 = Release|Any CPU
	EndGlobalSection
	GlobalSection(SolutionProperties) = preSolution
		HideSolutionNode = FALSE
	EndGlobalSection
EndGlobal
